{
  "version": 4,
  "terraform_version": "1.13.2",
  "serial": 81,
  "lineage": "09adbc16-3aab-143b-09ef-5eff7b5443ae",
  "outputs": {
    "alb_ip": {
      "value": "158.160.177.210",
      "type": "string"
    },
    "bastion_ip": {
      "value": "158.160.99.93",
      "type": "string"
    },
    "kibana_ip": {
      "value": "178.154.202.236",
      "type": "string"
    },
    "zabbix_ip": {
      "value": "178.154.206.155",
      "type": "string"
    }
  },
  "resources": [
    {
      "mode": "data",
      "type": "yandex_compute_image",
      "name": "ubuntu",
      "provider": "provider[\"registry.terraform.io/yandex-cloud/yandex\"]",
      "instances": [
        {
          "schema_version": 0,
          "attributes": {
            "created_at": "2025-11-24T11:17:54Z",
            "description": "Ubuntu 22.04 lts v20251114030637",
            "family": "ubuntu-2204-lts",
            "folder_id": "standard-images",
            "hardware_generation": [
              {
                "generation2_features": [],
                "legacy_features": [
                  {
                    "pci_topology": "PCI_TOPOLOGY_V2"
                  }
                ]
              }
            ],
            "id": "fd8rci345ntlm193inbs",
            "image_id": "fd8rci345ntlm193inbs",
            "kms_key_id": null,
            "labels": {
              "version": "20251114030637"
            },
            "min_disk_size": 8,
            "name": "ubuntu-22-04-lts-v20251124",
            "os_type": "linux",
            "pooled": true,
            "product_ids": [
              "f2eqm0cp1qajhipqsaaq"
            ],
            "size": 2,
            "status": "ready"
          },
          "sensitive_attributes": [],
          "identity_schema_version": 0
        }
      ]
    },
    {
      "mode": "managed",
      "type": "yandex_alb_backend_group",
      "name": "web_bg",
      "provider": "provider[\"registry.terraform.io/yandex-cloud/yandex\"]",
      "instances": [
        {
          "schema_version": 0,
          "attributes": {
            "created_at": "2025-11-23T15:05:41Z",
            "description": "",
            "folder_id": "b1gnoes2tt751qfg2ckh",
            "grpc_backend": [],
            "http_backend": [
              {
                "healthcheck": [
                  {
                    "grpc_healthcheck": [],
                    "healthcheck_port": 0,
                    "healthy_threshold": 0,
                    "http_healthcheck": [
                      {
                        "expected_statuses": [],
                        "host": "",
                        "http2": false,
                        "path": "/"
                      }
                    ],
                    "interval": "5s",
                    "interval_jitter_percent": 0,
                    "stream_healthcheck": [],
                    "timeout": "1s",
                    "unhealthy_threshold": 0
                  }
                ],
                "http2": false,
                "load_balancing_config": [],
                "name": "web-backend",
                "port": 80,
                "storage_bucket": "",
                "target_group_ids": [
                  "ds719d8k14a9iupp9bnf"
                ],
                "tls": [],
                "weight": 1
              }
            ],
            "id": "ds7056uutc7h7lv20ucg",
            "labels": {},
            "name": "bg-web",
            "session_affinity": [],
            "stream_backend": [],
            "timeouts": null
          },
          "sensitive_attributes": [],
          "identity_schema_version": 0,
          "private": "eyJlMmJmYjczMC1lY2FhLTExZTYtOGY4OC0zNDM2M2JjN2M0YzAiOnsiY3JlYXRlIjozMDAwMDAwMDAwMDAsImRlbGV0ZSI6MzAwMDAwMDAwMDAwLCJ1cGRhdGUiOjMwMDAwMDAwMDAwMH19",
          "dependencies": [
            "data.yandex_compute_image.ubuntu",
            "yandex_alb_target_group.web_tg",
            "yandex_compute_instance.web1",
            "yandex_compute_instance.web2",
            "yandex_vpc_gateway.nat_gateway",
            "yandex_vpc_network.main",
            "yandex_vpc_route_table.private_rt",
            "yandex_vpc_security_group.bastion",
            "yandex_vpc_security_group.web",
            "yandex_vpc_security_group.zabbix",
            "yandex_vpc_subnet.private_a",
            "yandex_vpc_subnet.private_b"
          ]
        }
      ]
    },
    {
      "mode": "managed",
      "type": "yandex_alb_http_router",
      "name": "web_router",
      "provider": "provider[\"registry.terraform.io/yandex-cloud/yandex\"]",
      "instances": [
        {
          "schema_version": 0,
          "attributes": {
            "created_at": "2025-11-23T15:04:50Z",
            "description": "",
            "folder_id": "b1gnoes2tt751qfg2ckh",
            "id": "ds76q6qv3d4v4727i9ht",
            "labels": {},
            "name": "router-web",
            "route_options": [],
            "timeouts": null
          },
          "sensitive_attributes": [],
          "identity_schema_version": 0,
          "private": "eyJlMmJmYjczMC1lY2FhLTExZTYtOGY4OC0zNDM2M2JjN2M0YzAiOnsiY3JlYXRlIjozMDAwMDAwMDAwMDAsImRlbGV0ZSI6MzAwMDAwMDAwMDAwLCJ1cGRhdGUiOjMwMDAwMDAwMDAwMH19"
        }
      ]
    },
    {
      "mode": "managed",
      "type": "yandex_alb_load_balancer",
      "name": "web_alb",
      "provider": "provider[\"registry.terraform.io/yandex-cloud/yandex\"]",
      "instances": [
        {
          "schema_version": 0,
          "attributes": {
            "allocation_policy": [
              {
                "location": [
                  {
                    "disable_traffic": false,
                    "subnet_id": "e9bg246e2vfjarumbjej",
                    "zone_id": "ru-central1-a"
                  }
                ]
              }
            ],
            "allow_zonal_shift": false,
            "auto_scale_policy": [],
            "created_at": "2025-11-23T15:20:48Z",
            "description": "",
            "folder_id": "b1gnoes2tt751qfg2ckh",
            "id": "ds79lu617qoa1c4evbma",
            "labels": {},
            "listener": [
              {
                "endpoint": [
                  {
                    "address": [
                      {
                        "external_ipv4_address": [
                          {
                            "address": "158.160.177.210"
                          }
                        ],
                        "external_ipv6_address": [],
                        "internal_ipv4_address": []
                      }
                    ],
                    "ports": [
                      80
                    ]
                  }
                ],
                "http": [
                  {
                    "handler": [
                      {
                        "allow_http10": false,
                        "http2_options": [],
                        "http_router_id": "ds76q6qv3d4v4727i9ht",
                        "rewrite_request_id": false
                      }
                    ],
                    "redirects": []
                  }
                ],
                "name": "listener-http",
                "stream": [],
                "tls": []
              }
            ],
            "log_group_id": "",
            "log_options": [],
            "name": "alb-web",
            "network_id": "enpf30l19imq4no0j5nh",
            "region_id": "",
            "security_group_ids": [],
            "status": "active",
            "timeouts": null
          },
          "sensitive_attributes": [],
          "identity_schema_version": 0,
          "private": "eyJlMmJmYjczMC1lY2FhLTExZTYtOGY4OC0zNDM2M2JjN2M0YzAiOnsiY3JlYXRlIjo2MDAwMDAwMDAwMDAsImRlbGV0ZSI6NjAwMDAwMDAwMDAwLCJ1cGRhdGUiOjYwMDAwMDAwMDAwMH19",
          "dependencies": [
            "yandex_alb_http_router.web_router",
            "yandex_vpc_network.main",
            "yandex_vpc_subnet.public"
          ]
        }
      ]
    },
    {
      "mode": "managed",
      "type": "yandex_alb_target_group",
      "name": "web_tg",
      "provider": "provider[\"registry.terraform.io/yandex-cloud/yandex\"]",
      "instances": [
        {
          "schema_version": 0,
          "attributes": {
            "created_at": "2025-11-23T15:05:40Z",
            "description": "",
            "folder_id": "b1gnoes2tt751qfg2ckh",
            "id": "ds719d8k14a9iupp9bnf",
            "labels": {},
            "name": "tg-web",
            "target": [
              {
                "ip_address": "10.10.2.30",
                "private_ipv4_address": false,
                "subnet_id": "e9bnf9qkhqnkkkugqbic"
              },
              {
                "ip_address": "10.10.3.8",
                "private_ipv4_address": false,
                "subnet_id": "e2lu0chgsr376vda8uc3"
              }
            ],
            "timeouts": null
          },
          "sensitive_attributes": [],
          "identity_schema_version": 0,
          "private": "eyJlMmJmYjczMC1lY2FhLTExZTYtOGY4OC0zNDM2M2JjN2M0YzAiOnsiY3JlYXRlIjozMDAwMDAwMDAwMDAsImRlbGV0ZSI6MzAwMDAwMDAwMDAwLCJ1cGRhdGUiOjMwMDAwMDAwMDAwMH19",
          "dependencies": [
            "data.yandex_compute_image.ubuntu",
            "yandex_compute_instance.web1",
            "yandex_compute_instance.web2",
            "yandex_vpc_gateway.nat_gateway",
            "yandex_vpc_network.main",
            "yandex_vpc_route_table.private_rt",
            "yandex_vpc_security_group.bastion",
            "yandex_vpc_security_group.web",
            "yandex_vpc_security_group.zabbix",
            "yandex_vpc_subnet.private_a",
            "yandex_vpc_subnet.private_b"
          ]
        }
      ]
    },
    {
      "mode": "managed",
      "type": "yandex_alb_virtual_host",
      "name": "web_host",
      "provider": "provider[\"registry.terraform.io/yandex-cloud/yandex\"]",
      "instances": [
        {
          "schema_version": 0,
          "attributes": {
            "authority": [],
            "http_router_id": "ds76q6qv3d4v4727i9ht",
            "id": "ds76q6qv3d4v4727i9ht/vh-web",
            "modify_request_headers": [],
            "modify_response_headers": [],
            "name": "vh-web",
            "rate_limit": [],
            "route": [
              {
                "disable_security_profile": false,
                "grpc_route": [],
                "http_route": [
                  {
                    "direct_response_action": [],
                    "http_match": [],
                    "http_route_action": [
                      {
                        "auto_host_rewrite": false,
                        "backend_group_id": "ds7056uutc7h7lv20ucg",
                        "host_rewrite": "",
                        "idle_timeout": "",
                        "prefix_rewrite": "",
                        "rate_limit": [],
                        "regex_rewrite": [],
                        "timeout": "",
                        "upgrade_types": []
                      }
                    ],
                    "redirect_action": []
                  }
                ],
                "name": "route-root",
                "route_options": []
              }
            ],
            "route_options": [],
            "timeouts": null
          },
          "sensitive_attributes": [],
          "identity_schema_version": 0,
          "private": "eyJlMmJmYjczMC1lY2FhLTExZTYtOGY4OC0zNDM2M2JjN2M0YzAiOnsiY3JlYXRlIjozMDAwMDAwMDAwMDAsImRlbGV0ZSI6MzAwMDAwMDAwMDAwLCJ1cGRhdGUiOjMwMDAwMDAwMDAwMH19",
          "dependencies": [
            "data.yandex_compute_image.ubuntu",
            "yandex_alb_backend_group.web_bg",
            "yandex_alb_http_router.web_router",
            "yandex_alb_target_group.web_tg",
            "yandex_compute_instance.web1",
            "yandex_compute_instance.web2",
            "yandex_vpc_gateway.nat_gateway",
            "yandex_vpc_network.main",
            "yandex_vpc_route_table.private_rt",
            "yandex_vpc_security_group.bastion",
            "yandex_vpc_security_group.web",
            "yandex_vpc_security_group.zabbix",
            "yandex_vpc_subnet.private_a",
            "yandex_vpc_subnet.private_b"
          ]
        }
      ]
    },
    {
      "mode": "managed",
      "type": "yandex_compute_instance",
      "name": "bastion",
      "provider": "provider[\"registry.terraform.io/yandex-cloud/yandex\"]",
      "instances": [
        {
          "schema_version": 1,
          "attributes": {
            "allow_recreate": null,
            "allow_stopping_for_update": null,
            "boot_disk": [
              {
                "auto_delete": true,
                "device_name": "fhm6fgmfbu2urioeb1bl",
                "disk_id": "fhm6fgmfbu2urioeb1bl",
                "initialize_params": [
                  {
                    "block_size": 4096,
                    "description": "",
                    "image_id": "fd8rci345ntlm193inbs",
                    "kms_key_id": "",
                    "name": "",
                    "size": 10,
                    "snapshot_id": "",
                    "type": "network-hdd"
                  }
                ],
                "mode": "READ_WRITE"
              }
            ],
            "created_at": "2025-11-26T18:30:44Z",
            "description": "",
            "filesystem": [],
            "folder_id": "b1gnoes2tt751qfg2ckh",
            "fqdn": "bastion-1.ru-central1.internal",
            "gpu_cluster_id": "",
            "hardware_generation": [
              {
                "generation2_features": [],
                "legacy_features": [
                  {
                    "pci_topology": "PCI_TOPOLOGY_V2"
                  }
                ]
              }
            ],
            "hostname": "bastion-1",
            "id": "fhmrpi5ae039l6t8k554",
            "labels": {
              "environment": "prod",
              "role": "bastion"
            },
            "local_disk": [],
            "maintenance_grace_period": "",
            "maintenance_policy": null,
            "metadata": {
              "ssh-keys": "ubuntu:ssh-rsa AAAAB3NzaC1yc2EAAAADAQABAAACAQChk9M7/ZXhwTEea64sKUjmXI/LGCTwdN3nkNYpsrz+3patGb1fgJlk1A7eA7ohFGF+vQkJ5axXlkz1dm9yjJV5OKgJ86WrTS8+TCEL1p8Bg/hFQvBGHKAXWijDEoFZqEIsCAeEhLchy7pETwLFqNysS76cWD3XcmxF2qWng1waVm6D8f2Pn1toKZn3yDZ4cPjxi4t+7rpnaO35Si05/drnNC6zRWp9FRIOBM1D4dKnM109HIRHMkNLdx/oz7xiYyS6i/62NejdQEFz6hx59skkZ6WhAErXoeOowSkE/DTYnvlSO36FupIF+cE9+wX7xaiDQyJkYD4nXoFl8dntLowpdfzwKDzgLqN8ddVK57HgMeeGTkKmy5MERJg+qC20uUo+sB9iP/iPKZGIks+eKA4LvpFgE2BParX7jG8czMLYmU6ozNpEfhoHFpDh44s7G00+I8GV3w1saETEC+gBFk05mdBI3bG0g7F26IMXUSM85e8+eIaZH5BnOQlHqHFte1i5GsCxLQ8a6sA2AV0sPJGeEBshvmglxadpvgStGeN2btm3DOj2K9YPRUo4Mk97E7iqzBv/vwvreaGkeSngqa3PxDANJbFwJUhhrgP17iqaSDPl3tbjwe3Xt/fHaeI6OQinXbcDE2nczYwtU9Nt3955xY9hetcUqZw5PQ0sdIpf5w== yc-bastion\n"
            },
            "metadata_options": [
              {
                "aws_v1_http_endpoint": 1,
                "aws_v1_http_token": 2,
                "gce_http_endpoint": 1,
                "gce_http_token": 1
              }
            ],
            "name": "bastion-1",
            "network_acceleration_type": "standard",
            "network_interface": [
              {
                "dns_record": [],
                "index": 0,
                "ip_address": "10.10.1.24",
                "ipv4": true,
                "ipv6": false,
                "ipv6_address": "",
                "ipv6_dns_record": [],
                "mac_address": "d0:0d:1b:cc:8a:a7",
                "nat": true,
                "nat_dns_record": [],
                "nat_ip_address": "158.160.99.93",
                "nat_ip_version": "IPV4",
                "security_group_ids": [
                  "enp51shctoeijjn37rin"
                ],
                "subnet_id": "e9bg246e2vfjarumbjej"
              }
            ],
            "placement_policy": [
              {
                "host_affinity_rules": [],
                "placement_group_id": "",
                "placement_group_partition": 0
              }
            ],
            "platform_id": "standard-v3",
            "resources": [
              {
                "core_fraction": 20,
                "cores": 2,
                "gpus": 0,
                "memory": 2
              }
            ],
            "scheduling_policy": [
              {
                "preemptible": true
              }
            ],
            "secondary_disk": [],
            "service_account_id": "",
            "status": "running",
            "timeouts": null,
            "zone": "ru-central1-a"
          },
          "sensitive_attributes": [],
          "identity_schema_version": 0,
          "private": "eyJlMmJmYjczMC1lY2FhLTExZTYtOGY4OC0zNDM2M2JjN2M0YzAiOnsiY3JlYXRlIjozMDAwMDAwMDAwMDAsImRlbGV0ZSI6MzAwMDAwMDAwMDAwLCJ1cGRhdGUiOjMwMDAwMDAwMDAwMH0sInNjaGVtYV92ZXJzaW9uIjoiMSJ9",
          "dependencies": [
            "data.yandex_compute_image.ubuntu",
            "yandex_vpc_network.main",
            "yandex_vpc_security_group.bastion",
            "yandex_vpc_subnet.public"
          ]
        }
      ]
    },
    {
      "mode": "managed",
      "type": "yandex_compute_instance",
      "name": "elastic",
      "provider": "provider[\"registry.terraform.io/yandex-cloud/yandex\"]",
      "instances": [
        {
          "schema_version": 1,
          "attributes": {
            "allow_recreate": null,
            "allow_stopping_for_update": null,
            "boot_disk": [
              {
                "auto_delete": true,
                "device_name": "fhmrcdc4r8m3a5vmtbvv",
                "disk_id": "fhmrcdc4r8m3a5vmtbvv",
                "initialize_params": [
                  {
                    "block_size": 4096,
                    "description": "",
                    "image_id": "fd8rci345ntlm193inbs",
                    "kms_key_id": "",
                    "name": "",
                    "size": 20,
                    "snapshot_id": "",
                    "type": "network-hdd"
                  }
                ],
                "mode": "READ_WRITE"
              }
            ],
            "created_at": "2025-11-26T18:30:44Z",
            "description": "",
            "filesystem": [],
            "folder_id": "b1gnoes2tt751qfg2ckh",
            "fqdn": "elastic-1.ru-central1.internal",
            "gpu_cluster_id": "",
            "hardware_generation": [
              {
                "generation2_features": [],
                "legacy_features": [
                  {
                    "pci_topology": "PCI_TOPOLOGY_V2"
                  }
                ]
              }
            ],
            "hostname": "elastic-1",
            "id": "fhmrg4982dr64da140db",
            "labels": {
              "environment": "prod",
              "role": "elasticsearch"
            },
            "local_disk": [],
            "maintenance_grace_period": "",
            "maintenance_policy": null,
            "metadata": {
              "ssh-keys": "ubuntu:ssh-rsa AAAAB3NzaC1yc2EAAAADAQABAAACAQChk9M7/ZXhwTEea64sKUjmXI/LGCTwdN3nkNYpsrz+3patGb1fgJlk1A7eA7ohFGF+vQkJ5axXlkz1dm9yjJV5OKgJ86WrTS8+TCEL1p8Bg/hFQvBGHKAXWijDEoFZqEIsCAeEhLchy7pETwLFqNysS76cWD3XcmxF2qWng1waVm6D8f2Pn1toKZn3yDZ4cPjxi4t+7rpnaO35Si05/drnNC6zRWp9FRIOBM1D4dKnM109HIRHMkNLdx/oz7xiYyS6i/62NejdQEFz6hx59skkZ6WhAErXoeOowSkE/DTYnvlSO36FupIF+cE9+wX7xaiDQyJkYD4nXoFl8dntLowpdfzwKDzgLqN8ddVK57HgMeeGTkKmy5MERJg+qC20uUo+sB9iP/iPKZGIks+eKA4LvpFgE2BParX7jG8czMLYmU6ozNpEfhoHFpDh44s7G00+I8GV3w1saETEC+gBFk05mdBI3bG0g7F26IMXUSM85e8+eIaZH5BnOQlHqHFte1i5GsCxLQ8a6sA2AV0sPJGeEBshvmglxadpvgStGeN2btm3DOj2K9YPRUo4Mk97E7iqzBv/vwvreaGkeSngqa3PxDANJbFwJUhhrgP17iqaSDPl3tbjwe3Xt/fHaeI6OQinXbcDE2nczYwtU9Nt3955xY9hetcUqZw5PQ0sdIpf5w== yc-bastion\n"
            },
            "metadata_options": [
              {
                "aws_v1_http_endpoint": 1,
                "aws_v1_http_token": 2,
                "gce_http_endpoint": 1,
                "gce_http_token": 1
              }
            ],
            "name": "elastic-1",
            "network_acceleration_type": "standard",
            "network_interface": [
              {
                "dns_record": [],
                "index": 0,
                "ip_address": "10.10.2.7",
                "ipv4": true,
                "ipv6": false,
                "ipv6_address": "",
                "ipv6_dns_record": [],
                "mac_address": "d0:0d:1b:81:12:81",
                "nat": false,
                "nat_dns_record": [],
                "nat_ip_address": "",
                "nat_ip_version": "",
                "security_group_ids": [
                  "enpnvg2goha2r9pepp4l"
                ],
                "subnet_id": "e9bnf9qkhqnkkkugqbic"
              }
            ],
            "placement_policy": [
              {
                "host_affinity_rules": [],
                "placement_group_id": "",
                "placement_group_partition": 0
              }
            ],
            "platform_id": "standard-v3",
            "resources": [
              {
                "core_fraction": 20,
                "cores": 2,
                "gpus": 0,
                "memory": 4
              }
            ],
            "scheduling_policy": [
              {
                "preemptible": true
              }
            ],
            "secondary_disk": [],
            "service_account_id": "",
            "status": "running",
            "timeouts": null,
            "zone": "ru-central1-a"
          },
          "sensitive_attributes": [],
          "identity_schema_version": 0,
          "private": "eyJlMmJmYjczMC1lY2FhLTExZTYtOGY4OC0zNDM2M2JjN2M0YzAiOnsiY3JlYXRlIjozMDAwMDAwMDAwMDAsImRlbGV0ZSI6MzAwMDAwMDAwMDAwLCJ1cGRhdGUiOjMwMDAwMDAwMDAwMH0sInNjaGVtYV92ZXJzaW9uIjoiMSJ9",
          "dependencies": [
            "data.yandex_compute_image.ubuntu",
            "yandex_vpc_gateway.nat_gateway",
            "yandex_vpc_network.main",
            "yandex_vpc_route_table.private_rt",
            "yandex_vpc_security_group.bastion",
            "yandex_vpc_security_group.elastic",
            "yandex_vpc_security_group.zabbix",
            "yandex_vpc_subnet.private_a"
          ]
        }
      ]
    },
    {
      "mode": "managed",
      "type": "yandex_compute_instance",
      "name": "kibana",
      "provider": "provider[\"registry.terraform.io/yandex-cloud/yandex\"]",
      "instances": [
        {
          "schema_version": 1,
          "attributes": {
            "allow_recreate": null,
            "allow_stopping_for_update": null,
            "boot_disk": [
              {
                "auto_delete": true,
                "device_name": "fhmatkunbd410bbgf67d",
                "disk_id": "fhmatkunbd410bbgf67d",
                "initialize_params": [
                  {
                    "block_size": 4096,
                    "description": "",
                    "image_id": "fd8rci345ntlm193inbs",
                    "kms_key_id": "",
                    "name": "",
                    "size": 10,
                    "snapshot_id": "",
                    "type": "network-hdd"
                  }
                ],
                "mode": "READ_WRITE"
              }
            ],
            "created_at": "2025-11-26T18:30:41Z",
            "description": "",
            "filesystem": [],
            "folder_id": "b1gnoes2tt751qfg2ckh",
            "fqdn": "kibana-1.ru-central1.internal",
            "gpu_cluster_id": "",
            "hardware_generation": [
              {
                "generation2_features": [],
                "legacy_features": [
                  {
                    "pci_topology": "PCI_TOPOLOGY_V2"
                  }
                ]
              }
            ],
            "hostname": "kibana-1",
            "id": "fhmnniil1132dnfitcrj",
            "labels": {
              "environment": "prod",
              "role": "kibana"
            },
            "local_disk": [],
            "maintenance_grace_period": "",
            "maintenance_policy": null,
            "metadata": {
              "ssh-keys": "ubuntu:ssh-rsa AAAAB3NzaC1yc2EAAAADAQABAAACAQChk9M7/ZXhwTEea64sKUjmXI/LGCTwdN3nkNYpsrz+3patGb1fgJlk1A7eA7ohFGF+vQkJ5axXlkz1dm9yjJV5OKgJ86WrTS8+TCEL1p8Bg/hFQvBGHKAXWijDEoFZqEIsCAeEhLchy7pETwLFqNysS76cWD3XcmxF2qWng1waVm6D8f2Pn1toKZn3yDZ4cPjxi4t+7rpnaO35Si05/drnNC6zRWp9FRIOBM1D4dKnM109HIRHMkNLdx/oz7xiYyS6i/62NejdQEFz6hx59skkZ6WhAErXoeOowSkE/DTYnvlSO36FupIF+cE9+wX7xaiDQyJkYD4nXoFl8dntLowpdfzwKDzgLqN8ddVK57HgMeeGTkKmy5MERJg+qC20uUo+sB9iP/iPKZGIks+eKA4LvpFgE2BParX7jG8czMLYmU6ozNpEfhoHFpDh44s7G00+I8GV3w1saETEC+gBFk05mdBI3bG0g7F26IMXUSM85e8+eIaZH5BnOQlHqHFte1i5GsCxLQ8a6sA2AV0sPJGeEBshvmglxadpvgStGeN2btm3DOj2K9YPRUo4Mk97E7iqzBv/vwvreaGkeSngqa3PxDANJbFwJUhhrgP17iqaSDPl3tbjwe3Xt/fHaeI6OQinXbcDE2nczYwtU9Nt3955xY9hetcUqZw5PQ0sdIpf5w== yc-bastion\n"
            },
            "metadata_options": [
              {
                "aws_v1_http_endpoint": 1,
                "aws_v1_http_token": 2,
                "gce_http_endpoint": 1,
                "gce_http_token": 1
              }
            ],
            "name": "kibana-1",
            "network_acceleration_type": "standard",
            "network_interface": [
              {
                "dns_record": [],
                "index": 0,
                "ip_address": "10.10.1.3",
                "ipv4": true,
                "ipv6": false,
                "ipv6_address": "",
                "ipv6_dns_record": [],
                "mac_address": "d0:0d:17:bc:a5:50",
                "nat": true,
                "nat_dns_record": [],
                "nat_ip_address": "178.154.202.236",
                "nat_ip_version": "IPV4",
                "security_group_ids": [
                  "enpbcnnjv4poeh1qitq7"
                ],
                "subnet_id": "e9bg246e2vfjarumbjej"
              }
            ],
            "placement_policy": [
              {
                "host_affinity_rules": [],
                "placement_group_id": "",
                "placement_group_partition": 0
              }
            ],
            "platform_id": "standard-v3",
            "resources": [
              {
                "core_fraction": 20,
                "cores": 2,
                "gpus": 0,
                "memory": 2
              }
            ],
            "scheduling_policy": [
              {
                "preemptible": true
              }
            ],
            "secondary_disk": [],
            "service_account_id": "",
            "status": "running",
            "timeouts": null,
            "zone": "ru-central1-a"
          },
          "sensitive_attributes": [],
          "identity_schema_version": 0,
          "private": "eyJlMmJmYjczMC1lY2FhLTExZTYtOGY4OC0zNDM2M2JjN2M0YzAiOnsiY3JlYXRlIjozMDAwMDAwMDAwMDAsImRlbGV0ZSI6MzAwMDAwMDAwMDAwLCJ1cGRhdGUiOjMwMDAwMDAwMDAwMH0sInNjaGVtYV92ZXJzaW9uIjoiMSJ9",
          "dependencies": [
            "data.yandex_compute_image.ubuntu",
            "yandex_vpc_network.main",
            "yandex_vpc_security_group.bastion",
            "yandex_vpc_security_group.kibana",
            "yandex_vpc_security_group.zabbix",
            "yandex_vpc_subnet.public"
          ]
        }
      ]
    },
    {
      "mode": "managed",
      "type": "yandex_compute_instance",
      "name": "web1",
      "provider": "provider[\"registry.terraform.io/yandex-cloud/yandex\"]",
      "instances": [
        {
          "schema_version": 1,
          "attributes": {
            "allow_recreate": null,
            "allow_stopping_for_update": null,
            "boot_disk": [
              {
                "auto_delete": true,
                "device_name": "fhmdo9i4ub9r8qsr9o6a",
                "disk_id": "fhmdo9i4ub9r8qsr9o6a",
                "initialize_params": [
                  {
                    "block_size": 4096,
                    "description": "",
                    "image_id": "fd8rci345ntlm193inbs",
                    "kms_key_id": "",
                    "name": "",
                    "size": 10,
                    "snapshot_id": "",
                    "type": "network-hdd"
                  }
                ],
                "mode": "READ_WRITE"
              }
            ],
            "created_at": "2025-11-26T18:30:44Z",
            "description": "",
            "filesystem": [],
            "folder_id": "b1gnoes2tt751qfg2ckh",
            "fqdn": "web-1.ru-central1.internal",
            "gpu_cluster_id": "",
            "hardware_generation": [
              {
                "generation2_features": [],
                "legacy_features": [
                  {
                    "pci_topology": "PCI_TOPOLOGY_V2"
                  }
                ]
              }
            ],
            "hostname": "web-1",
            "id": "fhmdj3tkglpsr5bhelbv",
            "labels": {
              "environment": "prod",
              "role": "web"
            },
            "local_disk": [],
            "maintenance_grace_period": "",
            "maintenance_policy": null,
            "metadata": {
              "ssh-keys": "ubuntu:ssh-rsa AAAAB3NzaC1yc2EAAAADAQABAAACAQChk9M7/ZXhwTEea64sKUjmXI/LGCTwdN3nkNYpsrz+3patGb1fgJlk1A7eA7ohFGF+vQkJ5axXlkz1dm9yjJV5OKgJ86WrTS8+TCEL1p8Bg/hFQvBGHKAXWijDEoFZqEIsCAeEhLchy7pETwLFqNysS76cWD3XcmxF2qWng1waVm6D8f2Pn1toKZn3yDZ4cPjxi4t+7rpnaO35Si05/drnNC6zRWp9FRIOBM1D4dKnM109HIRHMkNLdx/oz7xiYyS6i/62NejdQEFz6hx59skkZ6WhAErXoeOowSkE/DTYnvlSO36FupIF+cE9+wX7xaiDQyJkYD4nXoFl8dntLowpdfzwKDzgLqN8ddVK57HgMeeGTkKmy5MERJg+qC20uUo+sB9iP/iPKZGIks+eKA4LvpFgE2BParX7jG8czMLYmU6ozNpEfhoHFpDh44s7G00+I8GV3w1saETEC+gBFk05mdBI3bG0g7F26IMXUSM85e8+eIaZH5BnOQlHqHFte1i5GsCxLQ8a6sA2AV0sPJGeEBshvmglxadpvgStGeN2btm3DOj2K9YPRUo4Mk97E7iqzBv/vwvreaGkeSngqa3PxDANJbFwJUhhrgP17iqaSDPl3tbjwe3Xt/fHaeI6OQinXbcDE2nczYwtU9Nt3955xY9hetcUqZw5PQ0sdIpf5w== yc-bastion\n"
            },
            "metadata_options": [
              {
                "aws_v1_http_endpoint": 1,
                "aws_v1_http_token": 2,
                "gce_http_endpoint": 1,
                "gce_http_token": 1
              }
            ],
            "name": "web-1",
            "network_acceleration_type": "standard",
            "network_interface": [
              {
                "dns_record": [],
                "index": 0,
                "ip_address": "10.10.2.30",
                "ipv4": true,
                "ipv6": false,
                "ipv6_address": "",
                "ipv6_dns_record": [],
                "mac_address": "d0:0d:d9:8f:b4:85",
                "nat": false,
                "nat_dns_record": [],
                "nat_ip_address": "",
                "nat_ip_version": "",
                "security_group_ids": [
                  "enpupttek6egv1lduetd"
                ],
                "subnet_id": "e9bnf9qkhqnkkkugqbic"
              }
            ],
            "placement_policy": [
              {
                "host_affinity_rules": [],
                "placement_group_id": "",
                "placement_group_partition": 0
              }
            ],
            "platform_id": "standard-v3",
            "resources": [
              {
                "core_fraction": 20,
                "cores": 2,
                "gpus": 0,
                "memory": 2
              }
            ],
            "scheduling_policy": [
              {
                "preemptible": true
              }
            ],
            "secondary_disk": [],
            "service_account_id": "",
            "status": "running",
            "timeouts": null,
            "zone": "ru-central1-a"
          },
          "sensitive_attributes": [],
          "identity_schema_version": 0,
          "private": "eyJlMmJmYjczMC1lY2FhLTExZTYtOGY4OC0zNDM2M2JjN2M0YzAiOnsiY3JlYXRlIjozMDAwMDAwMDAwMDAsImRlbGV0ZSI6MzAwMDAwMDAwMDAwLCJ1cGRhdGUiOjMwMDAwMDAwMDAwMH0sInNjaGVtYV92ZXJzaW9uIjoiMSJ9",
          "dependencies": [
            "data.yandex_compute_image.ubuntu",
            "yandex_vpc_gateway.nat_gateway",
            "yandex_vpc_network.main",
            "yandex_vpc_route_table.private_rt",
            "yandex_vpc_security_group.bastion",
            "yandex_vpc_security_group.web",
            "yandex_vpc_security_group.zabbix",
            "yandex_vpc_subnet.private_a"
          ]
        }
      ]
    },
    {
      "mode": "managed",
      "type": "yandex_compute_instance",
      "name": "web2",
      "provider": "provider[\"registry.terraform.io/yandex-cloud/yandex\"]",
      "instances": [
        {
          "schema_version": 1,
          "attributes": {
            "allow_recreate": null,
            "allow_stopping_for_update": null,
            "boot_disk": [
              {
                "auto_delete": true,
                "device_name": "epdtfae6tne3a5oi4l7q",
                "disk_id": "epdtfae6tne3a5oi4l7q",
                "initialize_params": [
                  {
                    "block_size": 4096,
                    "description": "",
                    "image_id": "fd8rci345ntlm193inbs",
                    "kms_key_id": "",
                    "name": "",
                    "size": 10,
                    "snapshot_id": "",
                    "type": "network-hdd"
                  }
                ],
                "mode": "READ_WRITE"
              }
            ],
            "created_at": "2025-11-26T18:30:42Z",
            "description": "",
            "filesystem": [],
            "folder_id": "b1gnoes2tt751qfg2ckh",
            "fqdn": "web-2.ru-central1.internal",
            "gpu_cluster_id": "",
            "hardware_generation": [
              {
                "generation2_features": [],
                "legacy_features": [
                  {
                    "pci_topology": "PCI_TOPOLOGY_V2"
                  }
                ]
              }
            ],
            "hostname": "web-2",
            "id": "epd4l7rtf7mgt1p16ajo",
            "labels": {
              "environment": "prod",
              "role": "web"
            },
            "local_disk": [],
            "maintenance_grace_period": "",
            "maintenance_policy": null,
            "metadata": {
              "ssh-keys": "ubuntu:ssh-rsa AAAAB3NzaC1yc2EAAAADAQABAAACAQChk9M7/ZXhwTEea64sKUjmXI/LGCTwdN3nkNYpsrz+3patGb1fgJlk1A7eA7ohFGF+vQkJ5axXlkz1dm9yjJV5OKgJ86WrTS8+TCEL1p8Bg/hFQvBGHKAXWijDEoFZqEIsCAeEhLchy7pETwLFqNysS76cWD3XcmxF2qWng1waVm6D8f2Pn1toKZn3yDZ4cPjxi4t+7rpnaO35Si05/drnNC6zRWp9FRIOBM1D4dKnM109HIRHMkNLdx/oz7xiYyS6i/62NejdQEFz6hx59skkZ6WhAErXoeOowSkE/DTYnvlSO36FupIF+cE9+wX7xaiDQyJkYD4nXoFl8dntLowpdfzwKDzgLqN8ddVK57HgMeeGTkKmy5MERJg+qC20uUo+sB9iP/iPKZGIks+eKA4LvpFgE2BParX7jG8czMLYmU6ozNpEfhoHFpDh44s7G00+I8GV3w1saETEC+gBFk05mdBI3bG0g7F26IMXUSM85e8+eIaZH5BnOQlHqHFte1i5GsCxLQ8a6sA2AV0sPJGeEBshvmglxadpvgStGeN2btm3DOj2K9YPRUo4Mk97E7iqzBv/vwvreaGkeSngqa3PxDANJbFwJUhhrgP17iqaSDPl3tbjwe3Xt/fHaeI6OQinXbcDE2nczYwtU9Nt3955xY9hetcUqZw5PQ0sdIpf5w== yc-bastion\n"
            },
            "metadata_options": [
              {
                "aws_v1_http_endpoint": 1,
                "aws_v1_http_token": 2,
                "gce_http_endpoint": 1,
                "gce_http_token": 1
              }
            ],
            "name": "web-2",
            "network_acceleration_type": "standard",
            "network_interface": [
              {
                "dns_record": [],
                "index": 0,
                "ip_address": "10.10.3.8",
                "ipv4": true,
                "ipv6": false,
                "ipv6_address": "",
                "ipv6_dns_record": [],
                "mac_address": "d0:0d:4a:9f:7d:79",
                "nat": false,
                "nat_dns_record": [],
                "nat_ip_address": "",
                "nat_ip_version": "",
                "security_group_ids": [
                  "enpupttek6egv1lduetd"
                ],
                "subnet_id": "e2lu0chgsr376vda8uc3"
              }
            ],
            "placement_policy": [
              {
                "host_affinity_rules": [],
                "placement_group_id": "",
                "placement_group_partition": 0
              }
            ],
            "platform_id": "standard-v3",
            "resources": [
              {
                "core_fraction": 20,
                "cores": 2,
                "gpus": 0,
                "memory": 2
              }
            ],
            "scheduling_policy": [
              {
                "preemptible": true
              }
            ],
            "secondary_disk": [],
            "service_account_id": "",
            "status": "running",
            "timeouts": null,
            "zone": "ru-central1-b"
          },
          "sensitive_attributes": [],
          "identity_schema_version": 0,
          "private": "eyJlMmJmYjczMC1lY2FhLTExZTYtOGY4OC0zNDM2M2JjN2M0YzAiOnsiY3JlYXRlIjozMDAwMDAwMDAwMDAsImRlbGV0ZSI6MzAwMDAwMDAwMDAwLCJ1cGRhdGUiOjMwMDAwMDAwMDAwMH0sInNjaGVtYV92ZXJzaW9uIjoiMSJ9",
          "dependencies": [
            "data.yandex_compute_image.ubuntu",
            "yandex_vpc_gateway.nat_gateway",
            "yandex_vpc_network.main",
            "yandex_vpc_route_table.private_rt",
            "yandex_vpc_security_group.bastion",
            "yandex_vpc_security_group.web",
            "yandex_vpc_security_group.zabbix",
            "yandex_vpc_subnet.private_b"
          ]
        }
      ]
    },
    {
      "mode": "managed",
      "type": "yandex_compute_instance",
      "name": "zabbix",
      "provider": "provider[\"registry.terraform.io/yandex-cloud/yandex\"]",
      "instances": [
        {
          "schema_version": 1,
          "attributes": {
            "allow_recreate": null,
            "allow_stopping_for_update": null,
            "boot_disk": [
              {
                "auto_delete": true,
                "device_name": "fhmbl3gq52v1kcfkjti3",
                "disk_id": "fhmbl3gq52v1kcfkjti3",
                "initialize_params": [
                  {
                    "block_size": 4096,
                    "description": "",
                    "image_id": "fd8rci345ntlm193inbs",
                    "kms_key_id": "",
                    "name": "",
                    "size": 10,
                    "snapshot_id": "",
                    "type": "network-hdd"
                  }
                ],
                "mode": "READ_WRITE"
              }
            ],
            "created_at": "2025-11-26T18:30:42Z",
            "description": "",
            "filesystem": [],
            "folder_id": "b1gnoes2tt751qfg2ckh",
            "fqdn": "zabbix-1.ru-central1.internal",
            "gpu_cluster_id": "",
            "hardware_generation": [
              {
                "generation2_features": [],
                "legacy_features": [
                  {
                    "pci_topology": "PCI_TOPOLOGY_V2"
                  }
                ]
              }
            ],
            "hostname": "zabbix-1",
            "id": "fhm12h5qk3rilkgtlqg1",
            "labels": {
              "environment": "prod",
              "role": "zabbix"
            },
            "local_disk": [],
            "maintenance_grace_period": "",
            "maintenance_policy": null,
            "metadata": {
              "ssh-keys": "ubuntu:ssh-rsa AAAAB3NzaC1yc2EAAAADAQABAAACAQChk9M7/ZXhwTEea64sKUjmXI/LGCTwdN3nkNYpsrz+3patGb1fgJlk1A7eA7ohFGF+vQkJ5axXlkz1dm9yjJV5OKgJ86WrTS8+TCEL1p8Bg/hFQvBGHKAXWijDEoFZqEIsCAeEhLchy7pETwLFqNysS76cWD3XcmxF2qWng1waVm6D8f2Pn1toKZn3yDZ4cPjxi4t+7rpnaO35Si05/drnNC6zRWp9FRIOBM1D4dKnM109HIRHMkNLdx/oz7xiYyS6i/62NejdQEFz6hx59skkZ6WhAErXoeOowSkE/DTYnvlSO36FupIF+cE9+wX7xaiDQyJkYD4nXoFl8dntLowpdfzwKDzgLqN8ddVK57HgMeeGTkKmy5MERJg+qC20uUo+sB9iP/iPKZGIks+eKA4LvpFgE2BParX7jG8czMLYmU6ozNpEfhoHFpDh44s7G00+I8GV3w1saETEC+gBFk05mdBI3bG0g7F26IMXUSM85e8+eIaZH5BnOQlHqHFte1i5GsCxLQ8a6sA2AV0sPJGeEBshvmglxadpvgStGeN2btm3DOj2K9YPRUo4Mk97E7iqzBv/vwvreaGkeSngqa3PxDANJbFwJUhhrgP17iqaSDPl3tbjwe3Xt/fHaeI6OQinXbcDE2nczYwtU9Nt3955xY9hetcUqZw5PQ0sdIpf5w== yc-bastion\n"
            },
            "metadata_options": [
              {
                "aws_v1_http_endpoint": 1,
                "aws_v1_http_token": 2,
                "gce_http_endpoint": 1,
                "gce_http_token": 1
              }
            ],
            "name": "zabbix-1",
            "network_acceleration_type": "standard",
            "network_interface": [
              {
                "dns_record": [],
                "index": 0,
                "ip_address": "10.10.1.21",
                "ipv4": true,
                "ipv6": false,
                "ipv6_address": "",
                "ipv6_dns_record": [],
                "mac_address": "d0:0d:11:44:ba:a0",
                "nat": true,
                "nat_dns_record": [],
                "nat_ip_address": "178.154.206.155",
                "nat_ip_version": "IPV4",
                "security_group_ids": [
                  "enpgbl1kfki0amvrc9np"
                ],
                "subnet_id": "e9bg246e2vfjarumbjej"
              }
            ],
            "placement_policy": [
              {
                "host_affinity_rules": [],
                "placement_group_id": "",
                "placement_group_partition": 0
              }
            ],
            "platform_id": "standard-v3",
            "resources": [
              {
                "core_fraction": 20,
                "cores": 2,
                "gpus": 0,
                "memory": 2
              }
            ],
            "scheduling_policy": [
              {
                "preemptible": true
              }
            ],
            "secondary_disk": [],
            "service_account_id": "",
            "status": "running",
            "timeouts": null,
            "zone": "ru-central1-a"
          },
          "sensitive_attributes": [],
          "identity_schema_version": 0,
          "private": "eyJlMmJmYjczMC1lY2FhLTExZTYtOGY4OC0zNDM2M2JjN2M0YzAiOnsiY3JlYXRlIjozMDAwMDAwMDAwMDAsImRlbGV0ZSI6MzAwMDAwMDAwMDAwLCJ1cGRhdGUiOjMwMDAwMDAwMDAwMH0sInNjaGVtYV92ZXJzaW9uIjoiMSJ9",
          "dependencies": [
            "data.yandex_compute_image.ubuntu",
            "yandex_vpc_network.main",
            "yandex_vpc_security_group.bastion",
            "yandex_vpc_security_group.zabbix",
            "yandex_vpc_subnet.public"
          ]
        }
      ]
    },
    {
      "mode": "managed",
      "type": "yandex_compute_snapshot_schedule",
      "name": "daily_snapshots",
      "provider": "provider[\"registry.terraform.io/yandex-cloud/yandex\"]",
      "instances": [
        {
          "schema_version": 0,
          "attributes": {
            "created_at": "2025-11-23T15:05:43Z",
            "description": "",
            "disk_ids": [
              "epdtfae6tne3a5oi4l7q",
              "fhm6fgmfbu2urioeb1bl",
              "fhmatkunbd410bbgf67d",
              "fhmbl3gq52v1kcfkjti3",
              "fhmdo9i4ub9r8qsr9o6a",
              "fhmrcdc4r8m3a5vmtbvv"
            ],
            "folder_id": "b1gnoes2tt751qfg2ckh",
            "id": "fd8t9371ifhat7ln4jmc",
            "labels": {},
            "name": "daily-snapshots",
            "retention_period": "",
            "schedule_policy": [
              {
                "expression": "0 3 * * *",
                "start_at": "1970-01-01T00:00:00Z"
              }
            ],
            "snapshot_count": 7,
            "snapshot_spec": [
              {
                "description": "Daily snapshot",
                "labels": {
                  "backup": "daily",
                  "environment": "prod"
                }
              }
            ],
            "status": "active",
            "timeouts": null
          },
          "sensitive_attributes": [],
          "identity_schema_version": 0,
          "private": "eyJlMmJmYjczMC1lY2FhLTExZTYtOGY4OC0zNDM2M2JjN2M0YzAiOnsiY3JlYXRlIjozMDAwMDAwMDAwMDAsImRlbGV0ZSI6MzAwMDAwMDAwMDAwLCJ1cGRhdGUiOjMwMDAwMDAwMDAwMH19",
          "dependencies": [
            "data.yandex_compute_image.ubuntu",
            "yandex_compute_instance.bastion",
            "yandex_compute_instance.elastic",
            "yandex_compute_instance.kibana",
            "yandex_compute_instance.web1",
            "yandex_compute_instance.web2",
            "yandex_compute_instance.zabbix",
            "yandex_vpc_gateway.nat_gateway",
            "yandex_vpc_network.main",
            "yandex_vpc_route_table.private_rt",
            "yandex_vpc_security_group.bastion",
            "yandex_vpc_security_group.elastic",
            "yandex_vpc_security_group.kibana",
            "yandex_vpc_security_group.web",
            "yandex_vpc_security_group.zabbix",
            "yandex_vpc_subnet.private_a",
            "yandex_vpc_subnet.private_b",
            "yandex_vpc_subnet.public"
          ]
        }
      ]
    },
    {
      "mode": "managed",
      "type": "yandex_vpc_gateway",
      "name": "nat_gateway",
      "provider": "provider[\"registry.terraform.io/yandex-cloud/yandex\"]",
      "instances": [
        {
          "schema_version": 0,
          "attributes": {
            "created_at": "2025-11-23T15:04:50Z",
            "description": "",
            "folder_id": "b1gnoes2tt751qfg2ckh",
            "id": "enpkq1697gh8rnsab4aj",
            "labels": {},
            "name": "nat-gateway",
            "shared_egress_gateway": [
              {}
            ],
            "timeouts": null
          },
          "sensitive_attributes": [],
          "identity_schema_version": 0,
          "private": "eyJlMmJmYjczMC1lY2FhLTExZTYtOGY4OC0zNDM2M2JjN2M0YzAiOnsiY3JlYXRlIjo2MDAwMDAwMDAwMCwiZGVsZXRlIjo2MDAwMDAwMDAwMCwidXBkYXRlIjo2MDAwMDAwMDAwMH19"
        }
      ]
    },
    {
      "mode": "managed",
      "type": "yandex_vpc_network",
      "name": "main",
      "provider": "provider[\"registry.terraform.io/yandex-cloud/yandex\"]",
      "instances": [
        {
          "schema_version": 0,
          "attributes": {
            "created_at": "2025-11-23T15:04:50Z",
            "default_security_group_id": "enp5mqs5ump80b15j13f",
            "description": "",
            "folder_id": "b1gnoes2tt751qfg2ckh",
            "id": "enpf30l19imq4no0j5nh",
            "labels": {},
            "name": "prod-network",
            "subnet_ids": [
              "e2lu0chgsr376vda8uc3",
              "e9bg246e2vfjarumbjej",
              "e9bnf9qkhqnkkkugqbic"
            ],
            "timeouts": null
          },
          "sensitive_attributes": [],
          "identity_schema_version": 0,
          "private": "eyJlMmJmYjczMC1lY2FhLTExZTYtOGY4OC0zNDM2M2JjN2M0YzAiOnsiY3JlYXRlIjo2MDAwMDAwMDAwMCwiZGVsZXRlIjo2MDAwMDAwMDAwMCwidXBkYXRlIjo2MDAwMDAwMDAwMH19"
        }
      ]
    },
    {
      "mode": "managed",
      "type": "yandex_vpc_route_table",
      "name": "private_rt",
      "provider": "provider[\"registry.terraform.io/yandex-cloud/yandex\"]",
      "instances": [
        {
          "schema_version": 0,
          "attributes": {
            "created_at": "2025-11-23T15:04:53Z",
            "description": "",
            "folder_id": "b1gnoes2tt751qfg2ckh",
            "id": "enp2gfbj3fbusavd6a27",
            "labels": {},
            "name": "private-rt",
            "network_id": "enpf30l19imq4no0j5nh",
            "static_route": [
              {
                "destination_prefix": "0.0.0.0/0",
                "gateway_id": "enpkq1697gh8rnsab4aj",
                "next_hop_address": ""
              }
            ],
            "timeouts": null
          },
          "sensitive_attributes": [],
          "identity_schema_version": 0,
          "private": "eyJlMmJmYjczMC1lY2FhLTExZTYtOGY4OC0zNDM2M2JjN2M0YzAiOnsiY3JlYXRlIjoxODAwMDAwMDAwMDAsImRlbGV0ZSI6MTgwMDAwMDAwMDAwLCJ1cGRhdGUiOjE4MDAwMDAwMDAwMH19",
          "dependencies": [
            "yandex_vpc_gateway.nat_gateway",
            "yandex_vpc_network.main"
          ]
        }
      ]
    },
    {
      "mode": "managed",
      "type": "yandex_vpc_security_group",
      "name": "alb",
      "provider": "provider[\"registry.terraform.io/yandex-cloud/yandex\"]",
      "instances": [
        {
          "schema_version": 0,
          "attributes": {
            "created_at": "2025-11-23T15:05:06Z",
            "description": "",
            "egress": [
              {
                "description": "",
                "from_port": -1,
                "id": "enpl569bp321g7u17ats",
                "labels": {},
                "port": -1,
                "predefined_target": "",
                "protocol": "ANY",
                "security_group_id": "",
                "to_port": -1,
                "v4_cidr_blocks": [
                  "0.0.0.0/0"
                ],
                "v6_cidr_blocks": []
              }
            ],
            "folder_id": "b1gnoes2tt751qfg2ckh",
            "id": "enpleqtoaijlsjh304eg",
            "ingress": [
              {
                "description": "HTTP from internet",
                "from_port": -1,
                "id": "enpd8nmfbuliinju8u4v",
                "labels": {},
                "port": 80,
                "predefined_target": "",
                "protocol": "TCP",
                "security_group_id": "",
                "to_port": -1,
                "v4_cidr_blocks": [
                  "0.0.0.0/0"
                ],
                "v6_cidr_blocks": []
              },
              {
                "description": "Health checks",
                "from_port": -1,
                "id": "enp6b5o4m7gmaffffg1r",
                "labels": {},
                "port": 80,
                "predefined_target": "loadbalancer_healthchecks",
                "protocol": "TCP",
                "security_group_id": "",
                "to_port": -1,
                "v4_cidr_blocks": [],
                "v6_cidr_blocks": []
              }
            ],
            "labels": {},
            "name": "sg-alb",
            "network_id": "enpf30l19imq4no0j5nh",
            "status": "ACTIVE",
            "timeouts": null
          },
          "sensitive_attributes": [],
          "identity_schema_version": 0,
          "private": "eyJlMmJmYjczMC1lY2FhLTExZTYtOGY4OC0zNDM2M2JjN2M0YzAiOnsiY3JlYXRlIjoxODAwMDAwMDAwMDAsImRlbGV0ZSI6MTgwMDAwMDAwMDAwLCJ1cGRhdGUiOjE4MDAwMDAwMDAwMH19",
          "dependencies": [
            "yandex_vpc_network.main"
          ]
        }
      ]
    },
    {
      "mode": "managed",
      "type": "yandex_vpc_security_group",
      "name": "bastion",
      "provider": "provider[\"registry.terraform.io/yandex-cloud/yandex\"]",
      "instances": [
        {
          "schema_version": 0,
          "attributes": {
            "created_at": "2025-11-23T15:04:56Z",
            "description": "",
            "egress": [
              {
                "description": "",
                "from_port": -1,
                "id": "enpi5dvpo0h5g59qge1b",
                "labels": {},
                "port": -1,
                "predefined_target": "",
                "protocol": "ANY",
                "security_group_id": "",
                "to_port": -1,
                "v4_cidr_blocks": [
                  "0.0.0.0/0"
                ],
                "v6_cidr_blocks": []
              }
            ],
            "folder_id": "b1gnoes2tt751qfg2ckh",
            "id": "enp51shctoeijjn37rin",
            "ingress": [
              {
                "description": "SSH from my IP",
                "from_port": -1,
                "id": "enpumj2qubiu44r1bvad",
                "labels": {},
                "port": 22,
                "predefined_target": "",
                "protocol": "TCP",
                "security_group_id": "",
                "to_port": -1,
                "v4_cidr_blocks": [
                  "146.158.122.9/32"
                ],
                "v6_cidr_blocks": []
              }
            ],
            "labels": {},
            "name": "sg-bastion",
            "network_id": "enpf30l19imq4no0j5nh",
            "status": "ACTIVE",
            "timeouts": null
          },
          "sensitive_attributes": [],
          "identity_schema_version": 0,
          "private": "eyJlMmJmYjczMC1lY2FhLTExZTYtOGY4OC0zNDM2M2JjN2M0YzAiOnsiY3JlYXRlIjoxODAwMDAwMDAwMDAsImRlbGV0ZSI6MTgwMDAwMDAwMDAwLCJ1cGRhdGUiOjE4MDAwMDAwMDAwMH19",
          "dependencies": [
            "yandex_vpc_network.main"
          ]
        }
      ]
    },
    {
      "mode": "managed",
      "type": "yandex_vpc_security_group",
      "name": "elastic",
      "provider": "provider[\"registry.terraform.io/yandex-cloud/yandex\"]",
      "instances": [
        {
          "schema_version": 0,
          "attributes": {
            "created_at": "2025-11-23T15:04:59Z",
            "description": "",
            "egress": [
              {
                "description": "",
                "from_port": -1,
                "id": "enpe60clj9u6m1voesjj",
                "labels": {},
                "port": -1,
                "predefined_target": "",
                "protocol": "ANY",
                "security_group_id": "",
                "to_port": -1,
                "v4_cidr_blocks": [
                  "0.0.0.0/0"
                ],
                "v6_cidr_blocks": []
              }
            ],
            "folder_id": "b1gnoes2tt751qfg2ckh",
            "id": "enpnvg2goha2r9pepp4l",
            "ingress": [
              {
                "description": "Elastic HTTP API",
                "from_port": -1,
                "id": "enpe86rn53mbsno57kbl",
                "labels": {},
                "port": 9200,
                "predefined_target": "",
                "protocol": "TCP",
                "security_group_id": "",
                "to_port": -1,
                "v4_cidr_blocks": [
                  "10.10.0.0/16"
                ],
                "v6_cidr_blocks": []
              },
              {
                "description": "SSH from bastion",
                "from_port": -1,
                "id": "enpumacpcq0rqdp4rr4q",
                "labels": {},
                "port": 22,
                "predefined_target": "",
                "protocol": "TCP",
                "security_group_id": "enp51shctoeijjn37rin",
                "to_port": -1,
                "v4_cidr_blocks": [],
                "v6_cidr_blocks": []
              },
              {
                "description": "Zabbix agent from Zabbix server",
                "from_port": -1,
                "id": "enptu22jr3n7lgrligif",
                "labels": {},
                "port": 10050,
                "predefined_target": "",
                "protocol": "TCP",
                "security_group_id": "enpgbl1kfki0amvrc9np",
                "to_port": -1,
                "v4_cidr_blocks": [],
                "v6_cidr_blocks": []
              }
            ],
            "labels": {},
            "name": "sg-elastic",
            "network_id": "enpf30l19imq4no0j5nh",
            "status": "ACTIVE",
            "timeouts": null
          },
          "sensitive_attributes": [],
          "identity_schema_version": 0,
          "private": "eyJlMmJmYjczMC1lY2FhLTExZTYtOGY4OC0zNDM2M2JjN2M0YzAiOnsiY3JlYXRlIjoxODAwMDAwMDAwMDAsImRlbGV0ZSI6MTgwMDAwMDAwMDAwLCJ1cGRhdGUiOjE4MDAwMDAwMDAwMH19",
          "dependencies": [
            "yandex_vpc_network.main",
            "yandex_vpc_security_group.bastion",
            "yandex_vpc_security_group.zabbix"
          ]
        }
      ]
    },
    {
      "mode": "managed",
      "type": "yandex_vpc_security_group",
      "name": "kibana",
      "provider": "provider[\"registry.terraform.io/yandex-cloud/yandex\"]",
      "instances": [
        {
          "schema_version": 0,
          "attributes": {
            "created_at": "2025-11-23T15:04:54Z",
            "description": "",
            "egress": [
              {
                "description": "",
                "from_port": -1,
                "id": "enpo2hup5ihalssu2og2",
                "labels": {},
                "port": -1,
                "predefined_target": "",
                "protocol": "ANY",
                "security_group_id": "",
                "to_port": -1,
                "v4_cidr_blocks": [
                  "0.0.0.0/0"
                ],
                "v6_cidr_blocks": []
              }
            ],
            "folder_id": "b1gnoes2tt751qfg2ckh",
            "id": "enpbcnnjv4poeh1qitq7",
            "ingress": [
              {
                "description": "Kibana UI",
                "from_port": -1,
                "id": "enppbd1ihjcjmcvlfqho",
                "labels": {},
                "port": 5601,
                "predefined_target": "",
                "protocol": "TCP",
                "security_group_id": "",
                "to_port": -1,
                "v4_cidr_blocks": [
                  "0.0.0.0/0"
                ],
                "v6_cidr_blocks": []
              },
              {
                "description": "SSH from bastion",
                "from_port": -1,
                "id": "enpq252jo50kvief9e91",
                "labels": {},
                "port": 22,
                "predefined_target": "",
                "protocol": "TCP",
                "security_group_id": "enp51shctoeijjn37rin",
                "to_port": -1,
                "v4_cidr_blocks": [],
                "v6_cidr_blocks": []
              },
              {
                "description": "Zabbix agent from Zabbix server",
                "from_port": -1,
                "id": "enp1lgfrqtei2ddnvaio",
                "labels": {},
                "port": 10050,
                "predefined_target": "",
                "protocol": "TCP",
                "security_group_id": "enpgbl1kfki0amvrc9np",
                "to_port": -1,
                "v4_cidr_blocks": [],
                "v6_cidr_blocks": []
              }
            ],
            "labels": {},
            "name": "sg-kibana",
            "network_id": "enpf30l19imq4no0j5nh",
            "status": "ACTIVE",
            "timeouts": null
          },
          "sensitive_attributes": [],
          "identity_schema_version": 0,
          "private": "eyJlMmJmYjczMC1lY2FhLTExZTYtOGY4OC0zNDM2M2JjN2M0YzAiOnsiY3JlYXRlIjoxODAwMDAwMDAwMDAsImRlbGV0ZSI6MTgwMDAwMDAwMDAwLCJ1cGRhdGUiOjE4MDAwMDAwMDAwMH19",
          "dependencies": [
            "yandex_vpc_network.main",
            "yandex_vpc_security_group.bastion",
            "yandex_vpc_security_group.zabbix"
          ]
        }
      ]
    },
    {
      "mode": "managed",
      "type": "yandex_vpc_security_group",
      "name": "web",
      "provider": "provider[\"registry.terraform.io/yandex-cloud/yandex\"]",
      "instances": [
        {
          "schema_version": 0,
          "attributes": {
            "created_at": "2025-11-23T15:05:09Z",
            "description": "",
            "egress": [
              {
                "description": "",
                "from_port": -1,
                "id": "enprf5f7pu78dumoiira",
                "labels": {},
                "port": -1,
                "predefined_target": "",
                "protocol": "ANY",
                "security_group_id": "",
                "to_port": -1,
                "v4_cidr_blocks": [
                  "0.0.0.0/0"
                ],
                "v6_cidr_blocks": []
              }
            ],
            "folder_id": "b1gnoes2tt751qfg2ckh",
            "id": "enpupttek6egv1lduetd",
            "ingress": [
              {
                "description": "HTTP from ALB and internal VPC",
                "from_port": -1,
                "id": "enpm7giqcg34ma563hjc",
                "labels": {},
                "port": 80,
                "predefined_target": "",
                "protocol": "TCP",
                "security_group_id": "",
                "to_port": -1,
                "v4_cidr_blocks": [
                  "10.10.0.0/16"
                ],
                "v6_cidr_blocks": []
              },
              {
                "description": "Health checks from ALB",
                "from_port": -1,
                "id": "enp9fqv5lneabm27ghbe",
                "labels": {},
                "port": 80,
                "predefined_target": "loadbalancer_healthchecks",
                "protocol": "TCP",
                "security_group_id": "",
                "to_port": -1,
                "v4_cidr_blocks": [],
                "v6_cidr_blocks": []
              },
              {
                "description": "SSH from bastion",
                "from_port": -1,
                "id": "enpel3d2ud33c5e4nf42",
                "labels": {},
                "port": 22,
                "predefined_target": "",
                "protocol": "TCP",
                "security_group_id": "enp51shctoeijjn37rin",
                "to_port": -1,
                "v4_cidr_blocks": [],
                "v6_cidr_blocks": []
              },
              {
                "description": "Zabbix agent from Zabbix server",
                "from_port": -1,
                "id": "enpg5nkpgja8nnh3oeia",
                "labels": {},
                "port": 10050,
                "predefined_target": "",
                "protocol": "TCP",
                "security_group_id": "enpgbl1kfki0amvrc9np",
                "to_port": -1,
                "v4_cidr_blocks": [],
                "v6_cidr_blocks": []
              }
            ],
            "labels": {},
            "name": "sg-web",
            "network_id": "enpf30l19imq4no0j5nh",
            "status": "ACTIVE",
            "timeouts": null
          },
          "sensitive_attributes": [],
          "identity_schema_version": 0,
          "private": "eyJlMmJmYjczMC1lY2FhLTExZTYtOGY4OC0zNDM2M2JjN2M0YzAiOnsiY3JlYXRlIjoxODAwMDAwMDAwMDAsImRlbGV0ZSI6MTgwMDAwMDAwMDAwLCJ1cGRhdGUiOjE4MDAwMDAwMDAwMH19",
          "dependencies": [
            "yandex_vpc_network.main",
            "yandex_vpc_security_group.bastion",
            "yandex_vpc_security_group.zabbix"
          ]
        }
      ]
    },
    {
      "mode": "managed",
      "type": "yandex_vpc_security_group",
      "name": "zabbix",
      "provider": "provider[\"registry.terraform.io/yandex-cloud/yandex\"]",
      "instances": [
        {
          "schema_version": 0,
          "attributes": {
            "created_at": "2025-11-23T15:05:12Z",
            "description": "",
            "egress": [
              {
                "description": "",
                "from_port": -1,
                "id": "enp9a8a66dnjagi0sboc",
                "labels": {},
                "port": -1,
                "predefined_target": "",
                "protocol": "ANY",
                "security_group_id": "",
                "to_port": -1,
                "v4_cidr_blocks": [
                  "0.0.0.0/0"
                ],
                "v6_cidr_blocks": []
              }
            ],
            "folder_id": "b1gnoes2tt751qfg2ckh",
            "id": "enpgbl1kfki0amvrc9np",
            "ingress": [
              {
                "description": "SSH from bastion",
                "from_port": -1,
                "id": "enp67u3o31k9pvb3cqer",
                "labels": {},
                "port": 22,
                "predefined_target": "",
                "protocol": "TCP",
                "security_group_id": "enp51shctoeijjn37rin",
                "to_port": -1,
                "v4_cidr_blocks": [],
                "v6_cidr_blocks": []
              },
              {
                "description": "Zabbix frontend",
                "from_port": -1,
                "id": "enpstqekccsn5no1cchr",
                "labels": {},
                "port": 80,
                "predefined_target": "",
                "protocol": "TCP",
                "security_group_id": "",
                "to_port": -1,
                "v4_cidr_blocks": [
                  "0.0.0.0/0"
                ],
                "v6_cidr_blocks": []
              },
              {
                "description": "Zabbix server from agents",
                "from_port": -1,
                "id": "enpitk07hcqiu60ia22t",
                "labels": {},
                "port": 10051,
                "predefined_target": "",
                "protocol": "TCP",
                "security_group_id": "",
                "to_port": -1,
                "v4_cidr_blocks": [
                  "10.10.0.0/16"
                ],
                "v6_cidr_blocks": []
              }
            ],
            "labels": {},
            "name": "sg-zabbix",
            "network_id": "enpf30l19imq4no0j5nh",
            "status": "ACTIVE",
            "timeouts": null
          },
          "sensitive_attributes": [],
          "identity_schema_version": 0,
          "private": "eyJlMmJmYjczMC1lY2FhLTExZTYtOGY4OC0zNDM2M2JjN2M0YzAiOnsiY3JlYXRlIjoxODAwMDAwMDAwMDAsImRlbGV0ZSI6MTgwMDAwMDAwMDAwLCJ1cGRhdGUiOjE4MDAwMDAwMDAwMH19",
          "dependencies": [
            "yandex_vpc_network.main",
            "yandex_vpc_security_group.bastion"
          ]
        }
      ]
    },
    {
      "mode": "managed",
      "type": "yandex_vpc_subnet",
      "name": "private_a",
      "provider": "provider[\"registry.terraform.io/yandex-cloud/yandex\"]",
      "instances": [
        {
          "schema_version": 0,
          "attributes": {
            "created_at": "2025-11-23T15:04:55Z",
            "description": "",
            "dhcp_options": [],
            "folder_id": "b1gnoes2tt751qfg2ckh",
            "id": "e9bnf9qkhqnkkkugqbic",
            "labels": {},
            "name": "private-subnet-a",
            "network_id": "enpf30l19imq4no0j5nh",
            "route_table_id": "enp2gfbj3fbusavd6a27",
            "timeouts": null,
            "v4_cidr_blocks": [
              "10.10.2.0/24"
            ],
            "v6_cidr_blocks": [],
            "zone": "ru-central1-a"
          },
          "sensitive_attributes": [],
          "identity_schema_version": 0,
          "private": "eyJlMmJmYjczMC1lY2FhLTExZTYtOGY4OC0zNDM2M2JjN2M0YzAiOnsiY3JlYXRlIjoxODAwMDAwMDAwMDAsImRlbGV0ZSI6MTgwMDAwMDAwMDAwLCJ1cGRhdGUiOjE4MDAwMDAwMDAwMH19",
          "dependencies": [
            "yandex_vpc_gateway.nat_gateway",
            "yandex_vpc_network.main",
            "yandex_vpc_route_table.private_rt"
          ]
        }
      ]
    },
    {
      "mode": "managed",
      "type": "yandex_vpc_subnet",
      "name": "private_b",
      "provider": "provider[\"registry.terraform.io/yandex-cloud/yandex\"]",
      "instances": [
        {
          "schema_version": 0,
          "attributes": {
            "created_at": "2025-11-23T15:04:55Z",
            "description": "",
            "dhcp_options": [],
            "folder_id": "b1gnoes2tt751qfg2ckh",
            "id": "e2lu0chgsr376vda8uc3",
            "labels": {},
            "name": "private-subnet-b",
            "network_id": "enpf30l19imq4no0j5nh",
            "route_table_id": "enp2gfbj3fbusavd6a27",
            "timeouts": null,
            "v4_cidr_blocks": [
              "10.10.3.0/24"
            ],
            "v6_cidr_blocks": [],
            "zone": "ru-central1-b"
          },
          "sensitive_attributes": [],
          "identity_schema_version": 0,
          "private": "eyJlMmJmYjczMC1lY2FhLTExZTYtOGY4OC0zNDM2M2JjN2M0YzAiOnsiY3JlYXRlIjoxODAwMDAwMDAwMDAsImRlbGV0ZSI6MTgwMDAwMDAwMDAwLCJ1cGRhdGUiOjE4MDAwMDAwMDAwMH19",
          "dependencies": [
            "yandex_vpc_gateway.nat_gateway",
            "yandex_vpc_network.main",
            "yandex_vpc_route_table.private_rt"
          ]
        }
      ]
    },
    {
      "mode": "managed",
      "type": "yandex_vpc_subnet",
      "name": "public",
      "provider": "provider[\"registry.terraform.io/yandex-cloud/yandex\"]",
      "instances": [
        {
          "schema_version": 0,
          "attributes": {
            "created_at": "2025-11-23T15:04:53Z",
            "description": "",
            "dhcp_options": [],
            "folder_id": "b1gnoes2tt751qfg2ckh",
            "id": "e9bg246e2vfjarumbjej",
            "labels": {},
            "name": "public-subnet-a",
            "network_id": "enpf30l19imq4no0j5nh",
            "route_table_id": "",
            "timeouts": null,
            "v4_cidr_blocks": [
              "10.10.1.0/24"
            ],
            "v6_cidr_blocks": [],
            "zone": "ru-central1-a"
          },
          "sensitive_attributes": [],
          "identity_schema_version": 0,
          "private": "eyJlMmJmYjczMC1lY2FhLTExZTYtOGY4OC0zNDM2M2JjN2M0YzAiOnsiY3JlYXRlIjoxODAwMDAwMDAwMDAsImRlbGV0ZSI6MTgwMDAwMDAwMDAwLCJ1cGRhdGUiOjE4MDAwMDAwMDAwMH19",
          "dependencies": [
            "yandex_vpc_network.main"
          ]
        }
      ]
    }
  ],
  "check_results": null
}
